// !$*UTF8*$!
{
	archiveVersion = 1;
	classes = {
	};
	objectVersion = 55;
	objects = {

/* Begin PBXBuildFile section */
		595F23A525CEFBFE0053416C /* Settings.swift in Sources */ = {isa = PBXBuildFile; fileRef = 595F239A25CEFBFD0053416C /* Settings.swift */; };
		595F23A625CEFBFE0053416C /* Entitlements in Resources */ = {isa = PBXBuildFile; fileRef = 595F239B25CEFBFD0053416C /* Entitlements */; };
		595F23A725CEFBFE0053416C /* Assets.xcassets in Resources */ = {isa = PBXBuildFile; fileRef = 595F239C25CEFBFD0053416C /* Assets.xcassets */; };
		595F23A825CEFBFE0053416C /* SceneDelegate.swift in Sources */ = {isa = PBXBuildFile; fileRef = 595F239D25CEFBFD0053416C /* SceneDelegate.swift */; };
		595F23AA25CEFBFE0053416C /* PushNotifications.swift in Sources */ = {isa = PBXBuildFile; fileRef = 595F239F25CEFBFE0053416C /* PushNotifications.swift */; };
		595F23AC25CEFBFE0053416C /* ViewController.swift in Sources */ = {isa = PBXBuildFile; fileRef = 595F23A125CEFBFE0053416C /* ViewController.swift */; };
		595F23AD25CEFBFE0053416C /* AppDelegate.swift in Sources */ = {isa = PBXBuildFile; fileRef = 595F23A225CEFBFE0053416C /* AppDelegate.swift */; };
		595F23AE25CEFBFE0053416C /* Printer.swift in Sources */ = {isa = PBXBuildFile; fileRef = 595F23A325CEFBFE0053416C /* Printer.swift */; };
		595F23AF25CEFBFE0053416C /* WebView.swift in Sources */ = {isa = PBXBuildFile; fileRef = 595F23A425CEFBFE0053416C /* WebView.swift */; };
		BF68143C282E60850000740E /* GoogleService-Info.plist in Resources */ = {isa = PBXBuildFile; fileRef = BF68143B282E60850000740E /* GoogleService-Info.plist */; };
		BF962B0F2859403800A1EA25 /* FirebaseAnalyticsSwift in Frameworks */ = {isa = PBXBuildFile; productRef = BF962B0E2859403800A1EA25 /* FirebaseAnalyticsSwift */; };
		BF962B112859403F00A1EA25 /* FirebaseAppCheck in Frameworks */ = {isa = PBXBuildFile; productRef = BF962B102859403F00A1EA25 /* FirebaseAppCheck */; };
		BF962B132859404600A1EA25 /* FirebaseCrashlytics in Frameworks */ = {isa = PBXBuildFile; productRef = BF962B122859404600A1EA25 /* FirebaseCrashlytics */; };
		BF962B152859405100A1EA25 /* FirebaseInAppMessagingSwift-Beta in Frameworks */ = {isa = PBXBuildFile; productRef = BF962B142859405100A1EA25 /* FirebaseInAppMessagingSwift-Beta */; };
		BF962B172859405B00A1EA25 /* FirebaseMessaging in Frameworks */ = {isa = PBXBuildFile; productRef = BF962B162859405B00A1EA25 /* FirebaseMessaging */; };
		BF962B192859406800A1EA25 /* FirebasePerformance in Frameworks */ = {isa = PBXBuildFile; productRef = BF962B182859406800A1EA25 /* FirebasePerformance */; };
		CDC0FE292388222C002C8D56 /* Main.storyboard in Resources */ = {isa = PBXBuildFile; fileRef = CDC0FE252388222B002C8D56 /* Main.storyboard */; };
		CDC0FE2A2388222C002C8D56 /* LaunchScreen.storyboard in Resources */ = {isa = PBXBuildFile; fileRef = CDC0FE272388222B002C8D56 /* LaunchScreen.storyboard */; };
/* End PBXBuildFile section */

/* Begin PBXFileReference section */
		595F239A25CEFBFD0053416C /* Settings.swift */ = {isa = PBXFileReference; fileEncoding = 4; lastKnownFileType = sourcecode.swift; name = Settings.swift; path = "Close the Sky Over Ukraine/Settings.swift"; sourceTree = "<group>"; };
		595F239B25CEFBFD0053416C /* Entitlements */ = {isa = PBXFileReference; lastKnownFileType = folder; name = Entitlements; path = "Close the Sky Over Ukraine/Entitlements"; sourceTree = "<group>"; };
		595F239C25CEFBFD0053416C /* Assets.xcassets */ = {isa = PBXFileReference; lastKnownFileType = folder.assetcatalog; name = Assets.xcassets; path = "Close the Sky Over Ukraine/Assets.xcassets"; sourceTree = "<group>"; };
		595F239D25CEFBFD0053416C /* SceneDelegate.swift */ = {isa = PBXFileReference; fileEncoding = 4; lastKnownFileType = sourcecode.swift; name = SceneDelegate.swift; path = "Close the Sky Over Ukraine/SceneDelegate.swift"; sourceTree = "<group>"; };
		595F239F25CEFBFE0053416C /* PushNotifications.swift */ = {isa = PBXFileReference; fileEncoding = 4; lastKnownFileType = sourcecode.swift; name = PushNotifications.swift; path = "Close the Sky Over Ukraine/PushNotifications.swift"; sourceTree = "<group>"; };
		595F23A025CEFBFE0053416C /* Info.plist */ = {isa = PBXFileReference; fileEncoding = 4; lastKnownFileType = text.plist.xml; name = Info.plist; path = "Close the Sky Over Ukraine/Info.plist"; sourceTree = "<group>"; };
		595F23A125CEFBFE0053416C /* ViewController.swift */ = {isa = PBXFileReference; fileEncoding = 4; lastKnownFileType = sourcecode.swift; name = ViewController.swift; path = "Close the Sky Over Ukraine/ViewController.swift"; sourceTree = "<group>"; };
		595F23A225CEFBFE0053416C /* AppDelegate.swift */ = {isa = PBXFileReference; fileEncoding = 4; lastKnownFileType = sourcecode.swift; name = AppDelegate.swift; path = "Close the Sky Over Ukraine/AppDelegate.swift"; sourceTree = "<group>"; };
		595F23A325CEFBFE0053416C /* Printer.swift */ = {isa = PBXFileReference; fileEncoding = 4; lastKnownFileType = sourcecode.swift; name = Printer.swift; path = "Close the Sky Over Ukraine/Printer.swift"; sourceTree = "<group>"; };
		595F23A425CEFBFE0053416C /* WebView.swift */ = {isa = PBXFileReference; fileEncoding = 4; lastKnownFileType = sourcecode.swift; name = WebView.swift; path = "Close the Sky Over Ukraine/WebView.swift"; sourceTree = "<group>"; };
		BF68143B282E60850000740E /* GoogleService-Info.plist */ = {isa = PBXFileReference; fileEncoding = 4; lastKnownFileType = text.plist.xml; path = "GoogleService-Info.plist"; sourceTree = "<group>"; };
		BFC2DBC5284B97E600D677B0 /* Close the Sky Over UkraineRelease.entitlements */ = {isa = PBXFileReference; lastKnownFileType = text.plist.entitlements; name = "Close the Sky Over UkraineRelease.entitlements"; path = "Close the Sky Over Ukraine/Close the Sky Over UkraineRelease.entitlements"; sourceTree = "<group>"; };
		BFFCF2622834593F00C89695 /* ClosetheSkyOverUkraine.app */ = {isa = PBXFileReference; explicitFileType = wrapper.application; includeInIndex = 0; path = ClosetheSkyOverUkraine.app; sourceTree = BUILT_PRODUCTS_DIR; };
		CDC0FE262388222B002C8D56 /* Base */ = {isa = PBXFileReference; lastKnownFileType = file.storyboard; name = Base; path = "Close the Sky Over Ukraine/Base.lproj/Main.storyboard"; sourceTree = "<group>"; };
		CDC0FE282388222B002C8D56 /* Base */ = {isa = PBXFileReference; lastKnownFileType = file.storyboard; name = Base; path = "Close the Sky Over Ukraine/Base.lproj/LaunchScreen.storyboard"; sourceTree = "<group>"; };
/* End PBXFileReference section */

/* Begin PBXFrameworksBuildPhase section */
		CD89F886237E9D9200C436A1 /* Frameworks */ = {
			isa = PBXFrameworksBuildPhase;
			buildActionMask = 2147483647;
			files = (
				BF962B132859404600A1EA25 /* FirebaseCrashlytics in Frameworks */,
				BF962B112859403F00A1EA25 /* FirebaseAppCheck in Frameworks */,
				BF962B192859406800A1EA25 /* FirebasePerformance in Frameworks */,
				BF962B172859405B00A1EA25 /* FirebaseMessaging in Frameworks */,
				BF962B152859405100A1EA25 /* FirebaseInAppMessagingSwift-Beta in Frameworks */,
				BF962B0F2859403800A1EA25 /* FirebaseAnalyticsSwift in Frameworks */,
			);
			runOnlyForDeploymentPostprocessing = 0;
		};
/* End PBXFrameworksBuildPhase section */

/* Begin PBXGroup section */
		BF23B3AB284FF06100D1D053 /* Frameworks */ = {
			isa = PBXGroup;
			children = (
			);
			name = Frameworks;
			sourceTree = "<group>";
		};
		CD89F880237E9D9200C436A1 = {
			isa = PBXGroup;
			children = (
				BFC2DBC5284B97E600D677B0 /* Close the Sky Over UkraineRelease.entitlements */,
				595F23A225CEFBFE0053416C /* AppDelegate.swift */,
				595F239C25CEFBFD0053416C /* Assets.xcassets */,
				595F239B25CEFBFD0053416C /* Entitlements */,
				595F23A025CEFBFE0053416C /* Info.plist */,
				BF68143B282E60850000740E /* GoogleService-Info.plist */,
				595F23A325CEFBFE0053416C /* Printer.swift */,
				595F239F25CEFBFE0053416C /* PushNotifications.swift */,
				595F239D25CEFBFD0053416C /* SceneDelegate.swift */,
				595F239A25CEFBFD0053416C /* Settings.swift */,
				595F23A125CEFBFE0053416C /* ViewController.swift */,
				CDC0FE272388222B002C8D56 /* LaunchScreen.storyboard */,
				CDC0FE252388222B002C8D56 /* Main.storyboard */,
				595F23A425CEFBFE0053416C /* WebView.swift */,
				BFFCF2622834593F00C89695 /* ClosetheSkyOverUkraine.app */,
				BF23B3AB284FF06100D1D053 /* Frameworks */,
			);
			sourceTree = "<group>";
		};
/* End PBXGroup section */

/* Begin PBXNativeTarget section */
		CD89F888237E9D9200C436A1 /* Sky Over Ukraine */ = {
			isa = PBXNativeTarget;
			buildConfigurationList = CD89F89D237E9D9300C436A1 /* Build configuration list for PBXNativeTarget "Sky Over Ukraine" */;
			buildPhases = (
				CD89F885237E9D9200C436A1 /* Sources */,
				CD89F886237E9D9200C436A1 /* Frameworks */,
				CD89F887237E9D9200C436A1 /* Resources */,
			);
			buildRules = (
			);
			dependencies = (
			);
			name = "Sky Over Ukraine";
			packageProductDependencies = (
				BF962B0E2859403800A1EA25 /* FirebaseAnalyticsSwift */,
				BF962B102859403F00A1EA25 /* FirebaseAppCheck */,
				BF962B122859404600A1EA25 /* FirebaseCrashlytics */,
				BF962B142859405100A1EA25 /* FirebaseInAppMessagingSwift-Beta */,
				BF962B162859405B00A1EA25 /* FirebaseMessaging */,
				BF962B182859406800A1EA25 /* FirebasePerformance */,
			);
			productName = "Close the Sky Over Ukraine";
			productReference = BFFCF2622834593F00C89695 /* ClosetheSkyOverUkraine.app */;
			productType = "com.apple.product-type.application";
		};
/* End PBXNativeTarget section */

/* Begin PBXProject section */
		CD89F881237E9D9200C436A1 /* Project object */ = {
			isa = PBXProject;
			attributes = {
				BuildIndependentTargetsInParallel = YES;
				LastSwiftUpdateCheck = 1120;
				LastUpgradeCheck = 1340;
				ORGANIZATIONNAME = "";
				TargetAttributes = {
					CD89F888237E9D9200C436A1 = {
						CreatedOnToolsVersion = 11.2.1;
						LastSwiftMigration = 1120;
					};
				};
			};
			buildConfigurationList = CD89F884237E9D9200C436A1 /* Build configuration list for PBXProject "Sky Over Ukraine" */;
			compatibilityVersion = "Xcode 13.0";
			developmentRegion = en;
			hasScannedForEncodings = 0;
			knownRegions = (
				en,
				Base,
			);
			mainGroup = CD89F880237E9D9200C436A1;
			packageReferences = (
				BF15597C28591D210037F0CD /* XCRemoteSwiftPackageReference "firebase-ios-sdk" */,
			);
			productRefGroup = CD89F880237E9D9200C436A1;
			projectDirPath = "";
			projectRoot = "";
			targets = (
				CD89F888237E9D9200C436A1 /* Sky Over Ukraine */,
			);
		};
/* End PBXProject section */

/* Begin PBXResourcesBuildPhase section */
		CD89F887237E9D9200C436A1 /* Resources */ = {
			isa = PBXResourcesBuildPhase;
			buildActionMask = 2147483647;
			files = (
				595F23A625CEFBFE0053416C /* Entitlements in Resources */,
				CDC0FE292388222C002C8D56 /* Main.storyboard in Resources */,
				BF68143C282E60850000740E /* GoogleService-Info.plist in Resources */,
				CDC0FE2A2388222C002C8D56 /* LaunchScreen.storyboard in Resources */,
				595F23A725CEFBFE0053416C /* Assets.xcassets in Resources */,
			);
			runOnlyForDeploymentPostprocessing = 0;
		};
/* End PBXResourcesBuildPhase section */

/* Begin PBXSourcesBuildPhase section */
		CD89F885237E9D9200C436A1 /* Sources */ = {
			isa = PBXSourcesBuildPhase;
			buildActionMask = 2147483647;
			files = (
				595F23AD25CEFBFE0053416C /* AppDelegate.swift in Sources */,
				595F23A825CEFBFE0053416C /* SceneDelegate.swift in Sources */,
				595F23A525CEFBFE0053416C /* Settings.swift in Sources */,
				595F23AE25CEFBFE0053416C /* Printer.swift in Sources */,
				595F23AC25CEFBFE0053416C /* ViewController.swift in Sources */,
				595F23AA25CEFBFE0053416C /* PushNotifications.swift in Sources */,
				595F23AF25CEFBFE0053416C /* WebView.swift in Sources */,
			);
			runOnlyForDeploymentPostprocessing = 0;
		};
/* End PBXSourcesBuildPhase section */

/* Begin PBXVariantGroup section */
		CDC0FE252388222B002C8D56 /* Main.storyboard */ = {
			isa = PBXVariantGroup;
			children = (
				CDC0FE262388222B002C8D56 /* Base */,
			);
			name = Main.storyboard;
			sourceTree = "<group>";
		};
		CDC0FE272388222B002C8D56 /* LaunchScreen.storyboard */ = {
			isa = PBXVariantGroup;
			children = (
				CDC0FE282388222B002C8D56 /* Base */,
			);
			name = LaunchScreen.storyboard;
			sourceTree = "<group>";
		};
/* End PBXVariantGroup section */

/* Begin XCBuildConfiguration section */
		CD89F89B237E9D9300C436A1 /* Debug */ = {
			isa = XCBuildConfiguration;
			buildSettings = {
				ALWAYS_EMBED_SWIFT_STANDARD_LIBRARIES = YES;
				ALWAYS_SEARCH_USER_PATHS = NO;
				ASSETCATALOG_COMPILER_OPTIMIZATION = space;
				CLANG_ANALYZER_GCD_PERFORMANCE = YES;
				CLANG_ANALYZER_NONNULL = YES;
				CLANG_ANALYZER_NUMBER_OBJECT_CONVERSION = YES_AGGRESSIVE;
				CLANG_CXX_LANGUAGE_STANDARD = "gnu++14";
				CLANG_CXX_LIBRARY = "libc++";
				CLANG_ENABLE_MODULES = NO;
				CLANG_ENABLE_OBJC_ARC = YES;
				CLANG_ENABLE_OBJC_WEAK = YES;
				CLANG_STATIC_ANALYZER_MODE = shallow;
				CLANG_USE_OPTIMIZATION_PROFILE = NO;
				CLANG_WARN_BLOCK_CAPTURE_AUTORELEASING = YES;
				CLANG_WARN_BOOL_CONVERSION = YES;
				CLANG_WARN_COMMA = YES;
				CLANG_WARN_CONSTANT_CONVERSION = YES;
				CLANG_WARN_DEPRECATED_OBJC_IMPLEMENTATIONS = YES;
				CLANG_WARN_DIRECT_OBJC_ISA_USAGE = YES_ERROR;
				CLANG_WARN_DOCUMENTATION_COMMENTS = YES;
				CLANG_WARN_EMPTY_BODY = YES;
				CLANG_WARN_ENUM_CONVERSION = YES;
				CLANG_WARN_INFINITE_RECURSION = YES;
				CLANG_WARN_INT_CONVERSION = YES;
				CLANG_WARN_NON_LITERAL_NULL_CONVERSION = YES;
				CLANG_WARN_OBJC_IMPLICIT_RETAIN_SELF = YES;
				CLANG_WARN_OBJC_LITERAL_CONVERSION = YES;
				CLANG_WARN_OBJC_ROOT_CLASS = YES_ERROR;
				CLANG_WARN_QUOTED_INCLUDE_IN_FRAMEWORK_HEADER = YES;
				CLANG_WARN_RANGE_LOOP_ANALYSIS = YES;
				CLANG_WARN_STRICT_PROTOTYPES = YES;
				CLANG_WARN_SUSPICIOUS_MOVE = YES;
				CLANG_WARN_UNGUARDED_AVAILABILITY = YES_AGGRESSIVE;
				CLANG_WARN_UNREACHABLE_CODE = YES;
				CLANG_WARN__DUPLICATE_METHOD_MATCH = YES;
				CODE_SIGN_IDENTITY = "Apple Development";
				COPY_PHASE_STRIP = YES;
				CURRENT_PROJECT_VERSION = 2.1;
				DEBUG_INFORMATION_FORMAT = dwarf;
				DERIVE_MACCATALYST_PRODUCT_BUNDLE_IDENTIFIER = YES;
				DEVELOPMENT_TEAM = 6T3935576N;
				ENABLE_STRICT_OBJC_MSGSEND = YES;
				ENABLE_TESTABILITY = YES;
				GCC_C_LANGUAGE_STANDARD = gnu11;
				GCC_DYNAMIC_NO_PIC = NO;
				GCC_NO_COMMON_BLOCKS = NO;
				GCC_OPTIMIZATION_LEVEL = fast;
				GCC_PREPROCESSOR_DEFINITIONS = (
					"DEBUG=1",
					"$(inherited)",
				);
				GCC_WARN_64_TO_32_BIT_CONVERSION = YES;
				GCC_WARN_ABOUT_RETURN_TYPE = YES_ERROR;
				GCC_WARN_UNDECLARED_SELECTOR = YES;
				GCC_WARN_UNINITIALIZED_AUTOS = YES_AGGRESSIVE;
				GCC_WARN_UNUSED_FUNCTION = YES;
				GCC_WARN_UNUSED_VARIABLE = YES;
				IPHONEOS_DEPLOYMENT_TARGET = 13.0;
				MARKETING_VERSION = 1.8;
				MTL_ENABLE_DEBUG_INFO = INCLUDE_SOURCE;
				MTL_FAST_MATH = YES;
				ONLY_ACTIVE_ARCH = YES;
				RUN_CLANG_STATIC_ANALYZER = NO;
				RUN_DOCUMENTATION_COMPILER = NO;
				SDKROOT = iphoneos;
				SUPPORTS_MACCATALYST = YES;
				SWIFT_ACTIVE_COMPILATION_CONDITIONS = DEBUG;
				SWIFT_OPTIMIZATION_LEVEL = "-O";
				SWIFT_OPTIMIZE_OBJECT_LIFETIME = YES;
				SWIFT_VERSION = 5.0;
				TARGETED_DEVICE_FAMILY = "1,2,6";
				VALID_ARCHS = "$(ARCHS_STANDARD)";
				VERSIONING_SYSTEM = "apple-generic";
			};
			name = Debug;
		};
		CD89F89C237E9D9300C436A1 /* Release */ = {
			isa = XCBuildConfiguration;
			buildSettings = {
				ALWAYS_EMBED_SWIFT_STANDARD_LIBRARIES = YES;
				ALWAYS_SEARCH_USER_PATHS = NO;
				ASSETCATALOG_COMPILER_OPTIMIZATION = space;
				CLANG_ANALYZER_GCD_PERFORMANCE = YES;
				CLANG_ANALYZER_NONNULL = YES;
				CLANG_ANALYZER_NUMBER_OBJECT_CONVERSION = YES_AGGRESSIVE;
				CLANG_CXX_LANGUAGE_STANDARD = "gnu++14";
				CLANG_CXX_LIBRARY = "libc++";
				CLANG_ENABLE_MODULES = NO;
				CLANG_ENABLE_OBJC_ARC = YES;
				CLANG_ENABLE_OBJC_WEAK = YES;
				CLANG_STATIC_ANALYZER_MODE = shallow;
				CLANG_USE_OPTIMIZATION_PROFILE = NO;
				CLANG_WARN_BLOCK_CAPTURE_AUTORELEASING = YES;
				CLANG_WARN_BOOL_CONVERSION = YES;
				CLANG_WARN_COMMA = YES;
				CLANG_WARN_CONSTANT_CONVERSION = YES;
				CLANG_WARN_DEPRECATED_OBJC_IMPLEMENTATIONS = YES;
				CLANG_WARN_DIRECT_OBJC_ISA_USAGE = YES_ERROR;
				CLANG_WARN_DOCUMENTATION_COMMENTS = YES;
				CLANG_WARN_EMPTY_BODY = YES;
				CLANG_WARN_ENUM_CONVERSION = YES;
				CLANG_WARN_INFINITE_RECURSION = YES;
				CLANG_WARN_INT_CONVERSION = YES;
				CLANG_WARN_NON_LITERAL_NULL_CONVERSION = YES;
				CLANG_WARN_OBJC_IMPLICIT_RETAIN_SELF = YES;
				CLANG_WARN_OBJC_LITERAL_CONVERSION = YES;
				CLANG_WARN_OBJC_ROOT_CLASS = YES_ERROR;
				CLANG_WARN_QUOTED_INCLUDE_IN_FRAMEWORK_HEADER = YES;
				CLANG_WARN_RANGE_LOOP_ANALYSIS = YES;
				CLANG_WARN_STRICT_PROTOTYPES = YES;
				CLANG_WARN_SUSPICIOUS_MOVE = YES;
				CLANG_WARN_UNGUARDED_AVAILABILITY = YES_AGGRESSIVE;
				CLANG_WARN_UNREACHABLE_CODE = YES;
				CLANG_WARN__DUPLICATE_METHOD_MATCH = YES;
				CODE_SIGN_IDENTITY = "Apple Development";
				COPY_PHASE_STRIP = YES;
				CURRENT_PROJECT_VERSION = 2.1;
				DEBUG_INFORMATION_FORMAT = "dwarf-with-dsym";
				DERIVE_MACCATALYST_PRODUCT_BUNDLE_IDENTIFIER = YES;
				DEVELOPMENT_TEAM = 6T3935576N;
				ENABLE_NS_ASSERTIONS = NO;
				ENABLE_STRICT_OBJC_MSGSEND = YES;
				EXCLUDED_ARCHS = "";
				GCC_C_LANGUAGE_STANDARD = gnu11;
				GCC_NO_COMMON_BLOCKS = NO;
				GCC_OPTIMIZATION_LEVEL = fast;
				GCC_WARN_64_TO_32_BIT_CONVERSION = YES;
				GCC_WARN_ABOUT_RETURN_TYPE = YES_ERROR;
				GCC_WARN_UNDECLARED_SELECTOR = YES;
				GCC_WARN_UNINITIALIZED_AUTOS = YES_AGGRESSIVE;
				GCC_WARN_UNUSED_FUNCTION = YES;
				GCC_WARN_UNUSED_VARIABLE = YES;
				IPHONEOS_DEPLOYMENT_TARGET = 13.0;
				MARKETING_VERSION = 1.8;
				MTL_ENABLE_DEBUG_INFO = NO;
				MTL_FAST_MATH = YES;
				RUN_CLANG_STATIC_ANALYZER = NO;
				RUN_DOCUMENTATION_COMPILER = NO;
				SDKROOT = iphoneos;
				SUPPORTS_MACCATALYST = YES;
				SWIFT_COMPILATION_MODE = wholemodule;
				SWIFT_OPTIMIZATION_LEVEL = "-O";
				SWIFT_OPTIMIZE_OBJECT_LIFETIME = YES;
				SWIFT_VERSION = 5.0;
				TARGETED_DEVICE_FAMILY = "1,2,6";
				VALIDATE_PRODUCT = YES;
				VALID_ARCHS = "$(ARCHS_STANDARD)";
				VERSIONING_SYSTEM = "apple-generic";
			};
			name = Release;
		};
		CD89F89E237E9D9300C436A1 /* Debug */ = {
			isa = XCBuildConfiguration;
			buildSettings = {
				APPLY_RULES_IN_COPY_HEADERS = YES;
				ASSETCATALOG_COMPILER_APPICON_NAME = AppIcon;
				ASSETCATALOG_COMPILER_INCLUDE_ALL_APPICON_ASSETS = YES;
				ASSETCATALOG_COMPILER_INCLUDE_STICKER_CONTENT = YES;
				ASSETCATALOG_COMPILER_OPTIMIZATION = space;
				CLANG_CXX_LANGUAGE_STANDARD = "gnu++14";
				CLANG_ENABLE_MODULES = YES;
				CLANG_USE_OPTIMIZATION_PROFILE = NO;
				CLANG_WARN_FLOAT_CONVERSION = YES_ERROR;
				CODE_SIGN_ENTITLEMENTS = "Close the Sky Over Ukraine/Entitlements/Entitlements.plist";
				CODE_SIGN_IDENTITY = "Apple Development";
				CODE_SIGN_STYLE = Automatic;
				CURRENT_PROJECT_VERSION = 5.1;
				DEVELOPMENT_ASSET_PATHS = "";
				DEVELOPMENT_TEAM = 6T3935576N;
				ENABLE_INCREMENTAL_DISTILL = YES;
				ENABLE_ON_DEMAND_RESOURCES = NO;
				GCC_FAST_MATH = YES;
				GCC_INLINES_ARE_PRIVATE_EXTERN = NO;
				GCC_OPTIMIZATION_LEVEL = fast;
				GCC_UNROLL_LOOPS = YES;
				GENERATE_MASTER_OBJECT_FILE = YES;
				INFOPLIST_FILE = "Close the Sky Over Ukraine/Info.plist";
				INFOPLIST_KEY_LSApplicationCategoryType = "public.app-category.news";
				INFOPLIST_KEY_UIRequiredDeviceCapabilities = "";
				IPHONEOS_DEPLOYMENT_TARGET = 13.0;
				"IPHONEOS_DEPLOYMENT_TARGET[sdk=macosx*]" = 14.2;
				LD_RUNPATH_SEARCH_PATHS = (
					"$(inherited)",
					"@executable_path/Frameworks",
				);
				LLVM_LTO = YES;
				MACH_O_TYPE = mh_execute;
				MACOSX_DEPLOYMENT_TARGET = 11.0;
				MARKETING_VERSION = 2.1;
				ONLY_ACTIVE_ARCH = YES;
				PRODUCT_BUNDLE_IDENTIFIER = com.finalclosesky;
				PRODUCT_NAME = ClosetheSkyOverUkraine;
				PROVISIONING_PROFILE_SPECIFIER = "";
				SUPPORTS_MACCATALYST = YES;
				SWIFT_OPTIMIZATION_LEVEL = "-Osize";
				SWIFT_OPTIMIZE_OBJECT_LIFETIME = YES;
				SWIFT_VERSION = 5.0;
				TARGETED_DEVICE_FAMILY = "1,2,6";
				TVOS_DEPLOYMENT_TARGET = 13.0;
				VERSIONING_SYSTEM = "apple-generic";
			};
			name = Debug;
		};
		CD89F89F237E9D9300C436A1 /* Release */ = {
			isa = XCBuildConfiguration;
			buildSettings = {
				APPLY_RULES_IN_COPY_HEADERS = YES;
				ASSETCATALOG_COMPILER_APPICON_NAME = AppIcon;
				ASSETCATALOG_COMPILER_INCLUDE_ALL_APPICON_ASSETS = YES;
				ASSETCATALOG_COMPILER_INCLUDE_STICKER_CONTENT = YES;
				ASSETCATALOG_COMPILER_OPTIMIZATION = space;
				CLANG_CXX_LANGUAGE_STANDARD = "gnu++14";
				CLANG_ENABLE_MODULES = YES;
				CLANG_USE_OPTIMIZATION_PROFILE = NO;
				CLANG_WARN_FLOAT_CONVERSION = YES_ERROR;
				CODE_SIGN_ENTITLEMENTS = "Close the Sky Over Ukraine/Close the Sky Over UkraineRelease.entitlements";
				CODE_SIGN_STYLE = Automatic;
				CURRENT_PROJECT_VERSION = 5.1;
				DEVELOPMENT_ASSET_PATHS = "";
				DEVELOPMENT_TEAM = 6T3935576N;
				ENABLE_INCREMENTAL_DISTILL = YES;
				ENABLE_ON_DEMAND_RESOURCES = NO;
				GCC_FAST_MATH = YES;
				GCC_GENERATE_DEBUGGING_SYMBOLS = NO;
				GCC_INLINES_ARE_PRIVATE_EXTERN = NO;
				GCC_UNROLL_LOOPS = YES;
				GENERATE_MASTER_OBJECT_FILE = YES;
				INFOPLIST_FILE = "Close the Sky Over Ukraine/Info.plist";
				INFOPLIST_KEY_LSApplicationCategoryType = "public.app-category.news";
				INFOPLIST_KEY_UIRequiredDeviceCapabilities = "";
				IPHONEOS_DEPLOYMENT_TARGET = 13.0;
				"IPHONEOS_DEPLOYMENT_TARGET[sdk=macosx*]" = 14.2;
				LD_RUNPATH_SEARCH_PATHS = (
					"$(inherited)",
					"@executable_path/Frameworks",
				);
				LLVM_LTO = YES;
				MACH_O_TYPE = mh_execute;
				MACOSX_DEPLOYMENT_TARGET = 11.0;
				MARKETING_VERSION = 2.1;
				PRODUCT_BUNDLE_IDENTIFIER = com.finalclosesky;
				PRODUCT_NAME = ClosetheSkyOverUkraine;
				SUPPORTS_MACCATALYST = YES;
				SWIFT_COMPILATION_MODE = wholemodule;
				SWIFT_OPTIMIZATION_LEVEL = "-Osize";
				SWIFT_OPTIMIZE_OBJECT_LIFETIME = YES;
				SWIFT_VERSION = 5.0;
				TARGETED_DEVICE_FAMILY = "1,2,6";
				TVOS_DEPLOYMENT_TARGET = 13.0;
				VERSIONING_SYSTEM = "apple-generic";
			};
			name = Release;
		};
/* End XCBuildConfiguration section */

/* Begin XCConfigurationList section */
		CD89F884237E9D9200C436A1 /* Build configuration list for PBXProject "Sky Over Ukraine" */ = {
			isa = XCConfigurationList;
			buildConfigurations = (
				CD89F89B237E9D9300C436A1 /* Debug */,
				CD89F89C237E9D9300C436A1 /* Release */,
			);
			defaultConfigurationIsVisible = 0;
			defaultConfigurationName = Release;
		};
		CD89F89D237E9D9300C436A1 /* Build configuration list for PBXNativeTarget "Sky Over Ukraine" */ = {
			isa = XCConfigurationList;
			buildConfigurations = (
				CD89F89E237E9D9300C436A1 /* Debug */,
				CD89F89F237E9D9300C436A1 /* Release */,
			);
			defaultConfigurationIsVisible = 0;
			defaultConfigurationName = Release;
		};
/* End XCConfigurationList section */

/* Begin XCRemoteSwiftPackageReference section */
		BF15597C28591D210037F0CD /* XCRemoteSwiftPackageReference "firebase-ios-sdk" */ = {
			isa = XCRemoteSwiftPackageReference;
			repositoryURL = "https://github.com/firebase/firebase-ios-sdk";
			requirement = {
				branch = master;
				kind = branch;
			};
		};
/* End XCRemoteSwiftPackageReference section */

/* Begin XCSwiftPackageProductDependency section */
		BF962B0E2859403800A1EA25 /* FirebaseAnalyticsSwift */ = {
			isa = XCSwiftPackageProductDependency;
			package = BF15597C28591D210037F0CD /* XCRemoteSwiftPackageReference "firebase-ios-sdk" */;
			productName = FirebaseAnalyticsSwift;
		};
		BF962B102859403F00A1EA25 /* FirebaseAppCheck */ = {
			isa = XCSwiftPackageProductDependency;
			package = BF15597C28591D210037F0CD /* XCRemoteSwiftPackageReference "firebase-ios-sdk" */;
			productName = FirebaseAppCheck;
		};
		BF962B122859404600A1EA25 /* FirebaseCrashlytics */ = {
			isa = XCSwiftPackageProductDependency;
			package = BF15597C28591D210037F0CD /* XCRemoteSwiftPackageReference "firebase-ios-sdk" */;
			productName = FirebaseCrashlytics;
		};
		BF962B142859405100A1EA25 /* FirebaseInAppMessagingSwift-Beta */ = {
			isa = XCSwiftPackageProductDependency;
			package = BF15597C28591D210037F0CD /* XCRemoteSwiftPackageReference "firebase-ios-sdk" */;
			productName = "FirebaseInAppMessagingSwift-Beta";
		};
		BF962B162859405B00A1EA25 /* FirebaseMessaging */ = {
			isa = XCSwiftPackageProductDependency;
			package = BF15597C28591D210037F0CD /* XCRemoteSwiftPackageReference "firebase-ios-sdk" */;
			productName = FirebaseMessaging;
		};
		BF962B182859406800A1EA25 /* FirebasePerformance */ = {
			isa = XCSwiftPackageProductDependency;
			package = BF15597C28591D210037F0CD /* XCRemoteSwiftPackageReference "firebase-ios-sdk" */;
			productName = FirebasePerformance;
		};
/* End XCSwiftPackageProductDependency section */
	};
	rootObject = CD89F881237E9D9200C436A1 /* Project object */;
}
